
Microsoft Visual Studio Solution File, Format Version 12.00
# Visual Studio 2012
Project("{FAE04EC0-301F-11D3-BF4B-00C04F79EFBC}") = "Genericos", "Genericos\Genericos.csproj", "{B0D05D24-FE6C-4555-9400-A3C6C07619F4}"
EndProject
Project("{FAE04EC0-301F-11D3-BF4B-00C04F79EFBC}") = "Threads", "Threads\Threads.csproj", "{1B28FB6F-D9DA-4B89-8FB9-A9E602FED7B2}"
EndProject
Project("{FAE04EC0-301F-11D3-BF4B-00C04F79EFBC}") = "Cadenas", "Cadenas\Cadenas.csproj", "{A5F99B93-69F7-43A0-8841-D428B3AB9C09}"
EndProject
Project("{FAE04EC0-301F-11D3-BF4B-00C04F79EFBC}") = "EventHandling", "EventHandling\EventHandling.csproj", "{2FCE9535-E671-4ADF-A9CF-C8C9D486C060}"
EndProject
Project("{FAE04EC0-301F-11D3-BF4B-00C04F79EFBC}") = "Sobrecarga", "Sobrecarga\Sobrecarga.csproj", "{E1A78DAA-E5D3-4330-A9B5-08C32408D3A7}"
EndProject
Project("{FAE04EC0-301F-11D3-BF4B-00C04F79EFBC}") = "Fluent", "Fluent\Fluent.csproj", "{AA22F3C1-14A5-49B6-BB79-38F74B208593}"
EndProject
Project("{FAE04EC0-301F-11D3-BF4B-00C04F79EFBC}") = "ClientInvoice2", "ClientInvoice2\ClientInvoice2.csproj", "{38B533E4-A76A-4404-896C-4704635BACC2}"
EndProject
Project("{FAE04EC0-301F-11D3-BF4B-00C04F79EFBC}") = "PatronObserver1", "PatronObserver\PatronObserver1.csproj", "{24FC3DA8-FED3-4C6E-AB8F-7A5F063306D0}"
EndProject
Project("{FAE04EC0-301F-11D3-BF4B-00C04F79EFBC}") = "ContenedorDependencias", "ContenedorDependencias\ContenedorDependencias.csproj", "{BE12958A-2450-4AD4-922D-7C59E65FFFBB}"
EndProject
Project("{2150E333-8FDC-42A3-9474-1A3956D46DE8}") = "lib", "lib", "{3EE3C4EB-C761-4555-893E-2081AD4A6DB7}"
EndProject
Project("{FAE04EC0-301F-11D3-BF4B-00C04F79EFBC}") = "Controllers", "Controllers\Controllers.csproj", "{D54E6354-BA82-4EB0-BE91-F7CB598FC402}"
EndProject
Project("{FAE04EC0-301F-11D3-BF4B-00C04F79EFBC}") = "Services", "Services\Services.csproj", "{F1403FA8-7DB6-481A-ACE1-E32ADBE8B172}"
EndProject
Project("{FAE04EC0-301F-11D3-BF4B-00C04F79EFBC}") = "Repositories", "Repositories\Repositories.csproj", "{1DD475C0-4876-4241-AF58-D58AEC9FE32A}"
EndProject
Project("{2150E333-8FDC-42A3-9474-1A3956D46DE8}") = "PatronObserver", "PatronObserver", "{F71C26A5-5A5E-4158-B2B9-E285AE3760C5}"
EndProject
Project("{FAE04EC0-301F-11D3-BF4B-00C04F79EFBC}") = "PatronObserver2", "PatronObserver2\PatronObserver2.csproj", "{9CFD9745-82B0-49A4-B387-0308324DE151}"
EndProject
Project("{FAE04EC0-301F-11D3-BF4B-00C04F79EFBC}") = "PatronObserver3", "PatronObserver3\PatronObserver3.csproj", "{9D2CFB5F-0B82-459F-A6A0-1D194B0E9146}"
EndProject
Project("{FAE04EC0-301F-11D3-BF4B-00C04F79EFBC}") = "Refactorizacion", "Refactorizacion\Refactorizacion.csproj", "{845D208D-9598-4B2E-A6DB-559737781E2E}"
EndProject
Project("{FAE04EC0-301F-11D3-BF4B-00C04F79EFBC}") = "Refactorizacion2", "Refactorizacion2\Refactorizacion2.csproj", "{D6F3FC2E-61D8-4D50-BF4E-5D3A5777FA51}"
EndProject
Project("{2150E333-8FDC-42A3-9474-1A3956D46DE8}") = "Refact", "Refact", "{3E0D4DF8-123A-49E7-9F93-43342621F22C}"
EndProject
Project("{FAE04EC0-301F-11D3-BF4B-00C04F79EFBC}") = "PruebaUnitaria", "PruebaUnitaria\PruebaUnitaria.csproj", "{78BE9EFE-E1AB-4AB7-A28B-BE01CA0FB3FD}"
EndProject
Project("{FAE04EC0-301F-11D3-BF4B-00C04F79EFBC}") = "DAO", "DAO\DAO.csproj", "{62B62742-5D28-43F3-8FDF-300142A24D9C}"
EndProject
Project("{2150E333-8FDC-42A3-9474-1A3956D46DE8}") = "Testing", "Testing", "{73305152-A236-4AC9-BCF6-9A7BED7B7780}"
EndProject
Project("{2150E333-8FDC-42A3-9474-1A3956D46DE8}") = "Databases", "Databases", "{10A764EA-24FE-433B-9D37-87E34703A1FB}"
EndProject
Project("{FAE04EC0-301F-11D3-BF4B-00C04F79EFBC}") = "EF", "EntityFramework\EF.csproj", "{D2F4AC38-2842-4396-AE55-E184221545A8}"
EndProject
Project("{2150E333-8FDC-42A3-9474-1A3956D46DE8}") = "Basics", "Basics", "{E3C23586-085B-4A87-A88F-37B7F4A5A19A}"
EndProject
Global
	GlobalSection(SolutionConfigurationPlatforms) = preSolution
		Debug|Any CPU = Debug|Any CPU
		Release|Any CPU = Release|Any CPU
	EndGlobalSection
	GlobalSection(ProjectConfigurationPlatforms) = postSolution
		{B0D05D24-FE6C-4555-9400-A3C6C07619F4}.Debug|Any CPU.ActiveCfg = Debug|Any CPU
		{B0D05D24-FE6C-4555-9400-A3C6C07619F4}.Debug|Any CPU.Build.0 = Debug|Any CPU
		{B0D05D24-FE6C-4555-9400-A3C6C07619F4}.Release|Any CPU.ActiveCfg = Release|Any CPU
		{B0D05D24-FE6C-4555-9400-A3C6C07619F4}.Release|Any CPU.Build.0 = Release|Any CPU
		{1B28FB6F-D9DA-4B89-8FB9-A9E602FED7B2}.Debug|Any CPU.ActiveCfg = Debug|Any CPU
		{1B28FB6F-D9DA-4B89-8FB9-A9E602FED7B2}.Debug|Any CPU.Build.0 = Debug|Any CPU
		{1B28FB6F-D9DA-4B89-8FB9-A9E602FED7B2}.Release|Any CPU.ActiveCfg = Release|Any CPU
		{1B28FB6F-D9DA-4B89-8FB9-A9E602FED7B2}.Release|Any CPU.Build.0 = Release|Any CPU
		{A5F99B93-69F7-43A0-8841-D428B3AB9C09}.Debug|Any CPU.ActiveCfg = Debug|Any CPU
		{A5F99B93-69F7-43A0-8841-D428B3AB9C09}.Debug|Any CPU.Build.0 = Debug|Any CPU
		{A5F99B93-69F7-43A0-8841-D428B3AB9C09}.Release|Any CPU.ActiveCfg = Release|Any CPU
		{A5F99B93-69F7-43A0-8841-D428B3AB9C09}.Release|Any CPU.Build.0 = Release|Any CPU
		{2FCE9535-E671-4ADF-A9CF-C8C9D486C060}.Debug|Any CPU.ActiveCfg = Debug|Any CPU
		{2FCE9535-E671-4ADF-A9CF-C8C9D486C060}.Debug|Any CPU.Build.0 = Debug|Any CPU
		{2FCE9535-E671-4ADF-A9CF-C8C9D486C060}.Release|Any CPU.ActiveCfg = Release|Any CPU
		{2FCE9535-E671-4ADF-A9CF-C8C9D486C060}.Release|Any CPU.Build.0 = Release|Any CPU
		{E1A78DAA-E5D3-4330-A9B5-08C32408D3A7}.Debug|Any CPU.ActiveCfg = Debug|Any CPU
		{E1A78DAA-E5D3-4330-A9B5-08C32408D3A7}.Debug|Any CPU.Build.0 = Debug|Any CPU
		{E1A78DAA-E5D3-4330-A9B5-08C32408D3A7}.Release|Any CPU.ActiveCfg = Release|Any CPU
		{E1A78DAA-E5D3-4330-A9B5-08C32408D3A7}.Release|Any CPU.Build.0 = Release|Any CPU
		{AA22F3C1-14A5-49B6-BB79-38F74B208593}.Debug|Any CPU.ActiveCfg = Debug|Any CPU
		{AA22F3C1-14A5-49B6-BB79-38F74B208593}.Debug|Any CPU.Build.0 = Debug|Any CPU
		{AA22F3C1-14A5-49B6-BB79-38F74B208593}.Release|Any CPU.ActiveCfg = Release|Any CPU
		{AA22F3C1-14A5-49B6-BB79-38F74B208593}.Release|Any CPU.Build.0 = Release|Any CPU
		{38B533E4-A76A-4404-896C-4704635BACC2}.Debug|Any CPU.ActiveCfg = Debug|Any CPU
		{38B533E4-A76A-4404-896C-4704635BACC2}.Debug|Any CPU.Build.0 = Debug|Any CPU
		{38B533E4-A76A-4404-896C-4704635BACC2}.Release|Any CPU.ActiveCfg = Release|Any CPU
		{38B533E4-A76A-4404-896C-4704635BACC2}.Release|Any CPU.Build.0 = Release|Any CPU
		{24FC3DA8-FED3-4C6E-AB8F-7A5F063306D0}.Debug|Any CPU.ActiveCfg = Debug|Any CPU
		{24FC3DA8-FED3-4C6E-AB8F-7A5F063306D0}.Debug|Any CPU.Build.0 = Debug|Any CPU
		{24FC3DA8-FED3-4C6E-AB8F-7A5F063306D0}.Release|Any CPU.ActiveCfg = Release|Any CPU
		{24FC3DA8-FED3-4C6E-AB8F-7A5F063306D0}.Release|Any CPU.Build.0 = Release|Any CPU
		{BE12958A-2450-4AD4-922D-7C59E65FFFBB}.Debug|Any CPU.ActiveCfg = Debug|Any CPU
		{BE12958A-2450-4AD4-922D-7C59E65FFFBB}.Debug|Any CPU.Build.0 = Debug|Any CPU
		{BE12958A-2450-4AD4-922D-7C59E65FFFBB}.Release|Any CPU.ActiveCfg = Release|Any CPU
		{BE12958A-2450-4AD4-922D-7C59E65FFFBB}.Release|Any CPU.Build.0 = Release|Any CPU
		{D54E6354-BA82-4EB0-BE91-F7CB598FC402}.Debug|Any CPU.ActiveCfg = Debug|Any CPU
		{D54E6354-BA82-4EB0-BE91-F7CB598FC402}.Debug|Any CPU.Build.0 = Debug|Any CPU
		{D54E6354-BA82-4EB0-BE91-F7CB598FC402}.Release|Any CPU.ActiveCfg = Release|Any CPU
		{D54E6354-BA82-4EB0-BE91-F7CB598FC402}.Release|Any CPU.Build.0 = Release|Any CPU
		{F1403FA8-7DB6-481A-ACE1-E32ADBE8B172}.Debug|Any CPU.ActiveCfg = Debug|Any CPU
		{F1403FA8-7DB6-481A-ACE1-E32ADBE8B172}.Debug|Any CPU.Build.0 = Debug|Any CPU
		{F1403FA8-7DB6-481A-ACE1-E32ADBE8B172}.Release|Any CPU.ActiveCfg = Release|Any CPU
		{F1403FA8-7DB6-481A-ACE1-E32ADBE8B172}.Release|Any CPU.Build.0 = Release|Any CPU
		{1DD475C0-4876-4241-AF58-D58AEC9FE32A}.Debug|Any CPU.ActiveCfg = Debug|Any CPU
		{1DD475C0-4876-4241-AF58-D58AEC9FE32A}.Debug|Any CPU.Build.0 = Debug|Any CPU
		{1DD475C0-4876-4241-AF58-D58AEC9FE32A}.Release|Any CPU.ActiveCfg = Release|Any CPU
		{1DD475C0-4876-4241-AF58-D58AEC9FE32A}.Release|Any CPU.Build.0 = Release|Any CPU
		{9CFD9745-82B0-49A4-B387-0308324DE151}.Debug|Any CPU.ActiveCfg = Debug|Any CPU
		{9CFD9745-82B0-49A4-B387-0308324DE151}.Debug|Any CPU.Build.0 = Debug|Any CPU
		{9CFD9745-82B0-49A4-B387-0308324DE151}.Release|Any CPU.ActiveCfg = Release|Any CPU
		{9CFD9745-82B0-49A4-B387-0308324DE151}.Release|Any CPU.Build.0 = Release|Any CPU
		{9D2CFB5F-0B82-459F-A6A0-1D194B0E9146}.Debug|Any CPU.ActiveCfg = Debug|Any CPU
		{9D2CFB5F-0B82-459F-A6A0-1D194B0E9146}.Debug|Any CPU.Build.0 = Debug|Any CPU
		{9D2CFB5F-0B82-459F-A6A0-1D194B0E9146}.Release|Any CPU.ActiveCfg = Release|Any CPU
		{9D2CFB5F-0B82-459F-A6A0-1D194B0E9146}.Release|Any CPU.Build.0 = Release|Any CPU
		{845D208D-9598-4B2E-A6DB-559737781E2E}.Debug|Any CPU.ActiveCfg = Debug|Any CPU
		{845D208D-9598-4B2E-A6DB-559737781E2E}.Debug|Any CPU.Build.0 = Debug|Any CPU
		{845D208D-9598-4B2E-A6DB-559737781E2E}.Release|Any CPU.ActiveCfg = Release|Any CPU
		{845D208D-9598-4B2E-A6DB-559737781E2E}.Release|Any CPU.Build.0 = Release|Any CPU
		{D6F3FC2E-61D8-4D50-BF4E-5D3A5777FA51}.Debug|Any CPU.ActiveCfg = Debug|Any CPU
		{D6F3FC2E-61D8-4D50-BF4E-5D3A5777FA51}.Debug|Any CPU.Build.0 = Debug|Any CPU
		{D6F3FC2E-61D8-4D50-BF4E-5D3A5777FA51}.Release|Any CPU.ActiveCfg = Release|Any CPU
		{D6F3FC2E-61D8-4D50-BF4E-5D3A5777FA51}.Release|Any CPU.Build.0 = Release|Any CPU
		{78BE9EFE-E1AB-4AB7-A28B-BE01CA0FB3FD}.Debug|Any CPU.ActiveCfg = Debug|Any CPU
		{78BE9EFE-E1AB-4AB7-A28B-BE01CA0FB3FD}.Debug|Any CPU.Build.0 = Debug|Any CPU
		{78BE9EFE-E1AB-4AB7-A28B-BE01CA0FB3FD}.Release|Any CPU.ActiveCfg = Release|Any CPU
		{78BE9EFE-E1AB-4AB7-A28B-BE01CA0FB3FD}.Release|Any CPU.Build.0 = Release|Any CPU
		{62B62742-5D28-43F3-8FDF-300142A24D9C}.Debug|Any CPU.ActiveCfg = Debug|Any CPU
		{62B62742-5D28-43F3-8FDF-300142A24D9C}.Debug|Any CPU.Build.0 = Debug|Any CPU
		{62B62742-5D28-43F3-8FDF-300142A24D9C}.Release|Any CPU.ActiveCfg = Release|Any CPU
		{62B62742-5D28-43F3-8FDF-300142A24D9C}.Release|Any CPU.Build.0 = Release|Any CPU
		{D2F4AC38-2842-4396-AE55-E184221545A8}.Debug|Any CPU.ActiveCfg = Debug|Any CPU
		{D2F4AC38-2842-4396-AE55-E184221545A8}.Debug|Any CPU.Build.0 = Debug|Any CPU
		{D2F4AC38-2842-4396-AE55-E184221545A8}.Release|Any CPU.ActiveCfg = Release|Any CPU
		{D2F4AC38-2842-4396-AE55-E184221545A8}.Release|Any CPU.Build.0 = Release|Any CPU
	EndGlobalSection
	GlobalSection(SolutionProperties) = preSolution
		HideSolutionNode = FALSE
	EndGlobalSection
	GlobalSection(NestedProjects) = preSolution
		{24FC3DA8-FED3-4C6E-AB8F-7A5F063306D0} = {F71C26A5-5A5E-4158-B2B9-E285AE3760C5}
		{9CFD9745-82B0-49A4-B387-0308324DE151} = {F71C26A5-5A5E-4158-B2B9-E285AE3760C5}
		{9D2CFB5F-0B82-459F-A6A0-1D194B0E9146} = {F71C26A5-5A5E-4158-B2B9-E285AE3760C5}
		{D54E6354-BA82-4EB0-BE91-F7CB598FC402} = {3EE3C4EB-C761-4555-893E-2081AD4A6DB7}
		{F1403FA8-7DB6-481A-ACE1-E32ADBE8B172} = {3EE3C4EB-C761-4555-893E-2081AD4A6DB7}
		{1DD475C0-4876-4241-AF58-D58AEC9FE32A} = {3EE3C4EB-C761-4555-893E-2081AD4A6DB7}
		{D6F3FC2E-61D8-4D50-BF4E-5D3A5777FA51} = {3E0D4DF8-123A-49E7-9F93-43342621F22C}
		{845D208D-9598-4B2E-A6DB-559737781E2E} = {3E0D4DF8-123A-49E7-9F93-43342621F22C}
		{78BE9EFE-E1AB-4AB7-A28B-BE01CA0FB3FD} = {73305152-A236-4AC9-BCF6-9A7BED7B7780}
		{62B62742-5D28-43F3-8FDF-300142A24D9C} = {10A764EA-24FE-433B-9D37-87E34703A1FB}
		{D2F4AC38-2842-4396-AE55-E184221545A8} = {10A764EA-24FE-433B-9D37-87E34703A1FB}
		{A5F99B93-69F7-43A0-8841-D428B3AB9C09} = {E3C23586-085B-4A87-A88F-37B7F4A5A19A}
		{38B533E4-A76A-4404-896C-4704635BACC2} = {E3C23586-085B-4A87-A88F-37B7F4A5A19A}
		{2FCE9535-E671-4ADF-A9CF-C8C9D486C060} = {E3C23586-085B-4A87-A88F-37B7F4A5A19A}
		{AA22F3C1-14A5-49B6-BB79-38F74B208593} = {E3C23586-085B-4A87-A88F-37B7F4A5A19A}
		{B0D05D24-FE6C-4555-9400-A3C6C07619F4} = {E3C23586-085B-4A87-A88F-37B7F4A5A19A}
		{E1A78DAA-E5D3-4330-A9B5-08C32408D3A7} = {E3C23586-085B-4A87-A88F-37B7F4A5A19A}
		{1B28FB6F-D9DA-4B89-8FB9-A9E602FED7B2} = {E3C23586-085B-4A87-A88F-37B7F4A5A19A}
	EndGlobalSection
EndGlobal
