
Microsoft Visual Studio Solution File, Format Version 12.00
# Visual Studio 2012
Project("{FAE04EC0-301F-11D3-BF4B-00C04F79EFBC}") = "Genericos", "Genericos\Genericos.csproj", "{B0D05D24-FE6C-4555-9400-A3C6C07619F4}"
EndProject
Project("{FAE04EC0-301F-11D3-BF4B-00C04F79EFBC}") = "Threads", "Threads\Threads.csproj", "{1B28FB6F-D9DA-4B89-8FB9-A9E602FED7B2}"
EndProject
Project("{FAE04EC0-301F-11D3-BF4B-00C04F79EFBC}") = "Cadenas", "Cadenas\Cadenas.csproj", "{A5F99B93-69F7-43A0-8841-D428B3AB9C09}"
EndProject
Project("{FAE04EC0-301F-11D3-BF4B-00C04F79EFBC}") = "EventHandling", "EventHandling\EventHandling.csproj", "{2FCE9535-E671-4ADF-A9CF-C8C9D486C060}"
EndProject
Project("{FAE04EC0-301F-11D3-BF4B-00C04F79EFBC}") = "Sobrecarga", "Sobrecarga\Sobrecarga.csproj", "{E1A78DAA-E5D3-4330-A9B5-08C32408D3A7}"
EndProject
Project("{FAE04EC0-301F-11D3-BF4B-00C04F79EFBC}") = "Fluent", "Fluent\Fluent.csproj", "{AA22F3C1-14A5-49B6-BB79-38F74B208593}"
EndProject
Project("{FAE04EC0-301F-11D3-BF4B-00C04F79EFBC}") = "ClientInvoice2", "ClientInvoice2\ClientInvoice2.csproj", "{38B533E4-A76A-4404-896C-4704635BACC2}"
EndProject
Project("{FAE04EC0-301F-11D3-BF4B-00C04F79EFBC}") = "PatronObserver", "PatronObserver\PatronObserver.csproj", "{24FC3DA8-FED3-4C6E-AB8F-7A5F063306D0}"
EndProject
Project("{FAE04EC0-301F-11D3-BF4B-00C04F79EFBC}") = "ContenedorDependencias", "ContenedorDependencias\ContenedorDependencias.csproj", "{BE12958A-2450-4AD4-922D-7C59E65FFFBB}"
EndProject
Project("{2150E333-8FDC-42A3-9474-1A3956D46DE8}") = "lib", "lib", "{3EE3C4EB-C761-4555-893E-2081AD4A6DB7}"
EndProject
Project("{FAE04EC0-301F-11D3-BF4B-00C04F79EFBC}") = "Controllers", "Controllers\Controllers.csproj", "{D54E6354-BA82-4EB0-BE91-F7CB598FC402}"
EndProject
Project("{FAE04EC0-301F-11D3-BF4B-00C04F79EFBC}") = "Services", "Services\Services.csproj", "{F1403FA8-7DB6-481A-ACE1-E32ADBE8B172}"
EndProject
Project("{FAE04EC0-301F-11D3-BF4B-00C04F79EFBC}") = "Repositories", "Repositories\Repositories.csproj", "{1DD475C0-4876-4241-AF58-D58AEC9FE32A}"
EndProject
Global
	GlobalSection(SolutionConfigurationPlatforms) = preSolution
		Debug|Any CPU = Debug|Any CPU
		Release|Any CPU = Release|Any CPU
	EndGlobalSection
	GlobalSection(ProjectConfigurationPlatforms) = postSolution
		{B0D05D24-FE6C-4555-9400-A3C6C07619F4}.Debug|Any CPU.ActiveCfg = Debug|Any CPU
		{B0D05D24-FE6C-4555-9400-A3C6C07619F4}.Debug|Any CPU.Build.0 = Debug|Any CPU
		{B0D05D24-FE6C-4555-9400-A3C6C07619F4}.Release|Any CPU.ActiveCfg = Release|Any CPU
		{B0D05D24-FE6C-4555-9400-A3C6C07619F4}.Release|Any CPU.Build.0 = Release|Any CPU
		{1B28FB6F-D9DA-4B89-8FB9-A9E602FED7B2}.Debug|Any CPU.ActiveCfg = Debug|Any CPU
		{1B28FB6F-D9DA-4B89-8FB9-A9E602FED7B2}.Debug|Any CPU.Build.0 = Debug|Any CPU
		{1B28FB6F-D9DA-4B89-8FB9-A9E602FED7B2}.Release|Any CPU.ActiveCfg = Release|Any CPU
		{1B28FB6F-D9DA-4B89-8FB9-A9E602FED7B2}.Release|Any CPU.Build.0 = Release|Any CPU
		{A5F99B93-69F7-43A0-8841-D428B3AB9C09}.Debug|Any CPU.ActiveCfg = Debug|Any CPU
		{A5F99B93-69F7-43A0-8841-D428B3AB9C09}.Debug|Any CPU.Build.0 = Debug|Any CPU
		{A5F99B93-69F7-43A0-8841-D428B3AB9C09}.Release|Any CPU.ActiveCfg = Release|Any CPU
		{A5F99B93-69F7-43A0-8841-D428B3AB9C09}.Release|Any CPU.Build.0 = Release|Any CPU
		{2FCE9535-E671-4ADF-A9CF-C8C9D486C060}.Debug|Any CPU.ActiveCfg = Debug|Any CPU
		{2FCE9535-E671-4ADF-A9CF-C8C9D486C060}.Debug|Any CPU.Build.0 = Debug|Any CPU
		{2FCE9535-E671-4ADF-A9CF-C8C9D486C060}.Release|Any CPU.ActiveCfg = Release|Any CPU
		{2FCE9535-E671-4ADF-A9CF-C8C9D486C060}.Release|Any CPU.Build.0 = Release|Any CPU
		{E1A78DAA-E5D3-4330-A9B5-08C32408D3A7}.Debug|Any CPU.ActiveCfg = Debug|Any CPU
		{E1A78DAA-E5D3-4330-A9B5-08C32408D3A7}.Debug|Any CPU.Build.0 = Debug|Any CPU
		{E1A78DAA-E5D3-4330-A9B5-08C32408D3A7}.Release|Any CPU.ActiveCfg = Release|Any CPU
		{E1A78DAA-E5D3-4330-A9B5-08C32408D3A7}.Release|Any CPU.Build.0 = Release|Any CPU
		{AA22F3C1-14A5-49B6-BB79-38F74B208593}.Debug|Any CPU.ActiveCfg = Debug|Any CPU
		{AA22F3C1-14A5-49B6-BB79-38F74B208593}.Debug|Any CPU.Build.0 = Debug|Any CPU
		{AA22F3C1-14A5-49B6-BB79-38F74B208593}.Release|Any CPU.ActiveCfg = Release|Any CPU
		{AA22F3C1-14A5-49B6-BB79-38F74B208593}.Release|Any CPU.Build.0 = Release|Any CPU
		{38B533E4-A76A-4404-896C-4704635BACC2}.Debug|Any CPU.ActiveCfg = Debug|Any CPU
		{38B533E4-A76A-4404-896C-4704635BACC2}.Debug|Any CPU.Build.0 = Debug|Any CPU
		{38B533E4-A76A-4404-896C-4704635BACC2}.Release|Any CPU.ActiveCfg = Release|Any CPU
		{38B533E4-A76A-4404-896C-4704635BACC2}.Release|Any CPU.Build.0 = Release|Any CPU
		{24FC3DA8-FED3-4C6E-AB8F-7A5F063306D0}.Debug|Any CPU.ActiveCfg = Debug|Any CPU
		{24FC3DA8-FED3-4C6E-AB8F-7A5F063306D0}.Debug|Any CPU.Build.0 = Debug|Any CPU
		{24FC3DA8-FED3-4C6E-AB8F-7A5F063306D0}.Release|Any CPU.ActiveCfg = Release|Any CPU
		{24FC3DA8-FED3-4C6E-AB8F-7A5F063306D0}.Release|Any CPU.Build.0 = Release|Any CPU
		{BE12958A-2450-4AD4-922D-7C59E65FFFBB}.Debug|Any CPU.ActiveCfg = Debug|Any CPU
		{BE12958A-2450-4AD4-922D-7C59E65FFFBB}.Debug|Any CPU.Build.0 = Debug|Any CPU
		{BE12958A-2450-4AD4-922D-7C59E65FFFBB}.Release|Any CPU.ActiveCfg = Release|Any CPU
		{BE12958A-2450-4AD4-922D-7C59E65FFFBB}.Release|Any CPU.Build.0 = Release|Any CPU
		{D54E6354-BA82-4EB0-BE91-F7CB598FC402}.Debug|Any CPU.ActiveCfg = Debug|Any CPU
		{D54E6354-BA82-4EB0-BE91-F7CB598FC402}.Debug|Any CPU.Build.0 = Debug|Any CPU
		{D54E6354-BA82-4EB0-BE91-F7CB598FC402}.Release|Any CPU.ActiveCfg = Release|Any CPU
		{D54E6354-BA82-4EB0-BE91-F7CB598FC402}.Release|Any CPU.Build.0 = Release|Any CPU
		{F1403FA8-7DB6-481A-ACE1-E32ADBE8B172}.Debug|Any CPU.ActiveCfg = Debug|Any CPU
		{F1403FA8-7DB6-481A-ACE1-E32ADBE8B172}.Debug|Any CPU.Build.0 = Debug|Any CPU
		{F1403FA8-7DB6-481A-ACE1-E32ADBE8B172}.Release|Any CPU.ActiveCfg = Release|Any CPU
		{F1403FA8-7DB6-481A-ACE1-E32ADBE8B172}.Release|Any CPU.Build.0 = Release|Any CPU
		{1DD475C0-4876-4241-AF58-D58AEC9FE32A}.Debug|Any CPU.ActiveCfg = Debug|Any CPU
		{1DD475C0-4876-4241-AF58-D58AEC9FE32A}.Debug|Any CPU.Build.0 = Debug|Any CPU
		{1DD475C0-4876-4241-AF58-D58AEC9FE32A}.Release|Any CPU.ActiveCfg = Release|Any CPU
		{1DD475C0-4876-4241-AF58-D58AEC9FE32A}.Release|Any CPU.Build.0 = Release|Any CPU
	EndGlobalSection
	GlobalSection(SolutionProperties) = preSolution
		HideSolutionNode = FALSE
	EndGlobalSection
	GlobalSection(NestedProjects) = preSolution
		{D54E6354-BA82-4EB0-BE91-F7CB598FC402} = {3EE3C4EB-C761-4555-893E-2081AD4A6DB7}
		{F1403FA8-7DB6-481A-ACE1-E32ADBE8B172} = {3EE3C4EB-C761-4555-893E-2081AD4A6DB7}
		{1DD475C0-4876-4241-AF58-D58AEC9FE32A} = {3EE3C4EB-C761-4555-893E-2081AD4A6DB7}
	EndGlobalSection
EndGlobal
